
Microsoft Visual Studio Solution File, Format Version 12.00
# Visual Studio Version 16
VisualStudioVersion = 16.0.29409.12
MinimumVisualStudioVersion = 10.0.40219.1
Project("{FAE04EC0-301F-11D3-BF4B-00C04F79EFBC}") = "成績WindowsFormsApp1", "成績WindowsFormsApp1.csproj", "{8FCF639B-7AB1-40D2-929A-78A9ADD00141}"
EndProject
Global
	GlobalSection(SolutionConfigurationPlatforms) = preSolution
		Debug|Any CPU = Debug|Any CPU
		Release|Any CPU = Release|Any CPU
	EndGlobalSection
	GlobalSection(ProjectConfigurationPlatforms) = postSolution
		{8FCF639B-7AB1-40D2-929A-78A9ADD00141}.Debug|Any CPU.ActiveCfg = Debug|Any CPU
		{8FCF639B-7AB1-40D2-929A-78A9ADD00141}.Debug|Any CPU.Build.0 = Debug|Any CPU
		{8FCF639B-7AB1-40D2-929A-78A9ADD00141}.Release|Any CPU.ActiveCfg = Release|Any CPU
		{8FCF639B-7AB1-40D2-929A-78A9ADD00141}.Release|Any CPU.Build.0 = Release|Any CPU
	EndGlobalSection
	GlobalSection(SolutionProperties) = preSolution
		HideSolutionNode = FALSE
	EndGlobalSection
	GlobalSection(ExtensibilityGlobals) = postSolution
		SolutionGuid = {A6F7F515-C804-4529-9BBA-EFF8BA4A22FE}
	EndGlobalSection
EndGlobal
