
Microsoft Visual Studio Solution File, Format Version 12.00
# Visual Studio 14
VisualStudioVersion = 14.0.25420.1
MinimumVisualStudioVersion = 10.0.40219.1
Project("{FAE04EC0-301F-11D3-BF4B-00C04F79EFBC}") = "averageWindowsFormsApplication1", "averageWindowsFormsApplication1\averageWindowsFormsApplication1.csproj", "{94D9EAD2-D70F-45E2-8661-E2F7B40CEE40}"
EndProject
Project("{FAE04EC0-301F-11D3-BF4B-00C04F79EFBC}") = "averageConsoleApplication1", "averageConsoleApplication1\averageConsoleApplication1.csproj", "{2436194D-FA1E-44EB-B627-0627673C40E1}"
EndProject
Global
	GlobalSection(SolutionConfigurationPlatforms) = preSolution
		Debug|Any CPU = Debug|Any CPU
		Release|Any CPU = Release|Any CPU
	EndGlobalSection
	GlobalSection(ProjectConfigurationPlatforms) = postSolution
		{94D9EAD2-D70F-45E2-8661-E2F7B40CEE40}.Debug|Any CPU.ActiveCfg = Debug|Any CPU
		{94D9EAD2-D70F-45E2-8661-E2F7B40CEE40}.Debug|Any CPU.Build.0 = Debug|Any CPU
		{94D9EAD2-D70F-45E2-8661-E2F7B40CEE40}.Release|Any CPU.ActiveCfg = Release|Any CPU
		{94D9EAD2-D70F-45E2-8661-E2F7B40CEE40}.Release|Any CPU.Build.0 = Release|Any CPU
		{2436194D-FA1E-44EB-B627-0627673C40E1}.Debug|Any CPU.ActiveCfg = Debug|Any CPU
		{2436194D-FA1E-44EB-B627-0627673C40E1}.Debug|Any CPU.Build.0 = Debug|Any CPU
		{2436194D-FA1E-44EB-B627-0627673C40E1}.Release|Any CPU.ActiveCfg = Release|Any CPU
		{2436194D-FA1E-44EB-B627-0627673C40E1}.Release|Any CPU.Build.0 = Release|Any CPU
	EndGlobalSection
	GlobalSection(SolutionProperties) = preSolution
		HideSolutionNode = FALSE
	EndGlobalSection
EndGlobal
