
Microsoft Visual Studio Solution File, Format Version 12.00
# Visual Studio Version 16
VisualStudioVersion = 16.0.29306.81
MinimumVisualStudioVersion = 10.0.40219.1
Project("{FAE04EC0-301F-11D3-BF4B-00C04F79EFBC}") = "開設商店WindowsFormsApp1", "開設商店WindowsFormsApp1\開設商店WindowsFormsApp1.csproj", "{6DDBE43B-76F4-4F9B-9420-950AE1C8EC6A}"
EndProject
Global
	GlobalSection(SolutionConfigurationPlatforms) = preSolution
		Debug|Any CPU = Debug|Any CPU
		Release|Any CPU = Release|Any CPU
	EndGlobalSection
	GlobalSection(ProjectConfigurationPlatforms) = postSolution
		{6DDBE43B-76F4-4F9B-9420-950AE1C8EC6A}.Debug|Any CPU.ActiveCfg = Debug|Any CPU
		{6DDBE43B-76F4-4F9B-9420-950AE1C8EC6A}.Debug|Any CPU.Build.0 = Debug|Any CPU
		{6DDBE43B-76F4-4F9B-9420-950AE1C8EC6A}.Release|Any CPU.ActiveCfg = Release|Any CPU
		{6DDBE43B-76F4-4F9B-9420-950AE1C8EC6A}.Release|Any CPU.Build.0 = Release|Any CPU
	EndGlobalSection
	GlobalSection(SolutionProperties) = preSolution
		HideSolutionNode = FALSE
	EndGlobalSection
	GlobalSection(ExtensibilityGlobals) = postSolution
		SolutionGuid = {86D8E878-247C-4E3D-884F-666A48C7F78A}
	EndGlobalSection
EndGlobal
