
Microsoft Visual Studio Solution File, Format Version 12.00
# Visual Studio 14
VisualStudioVersion = 14.0.25420.1
MinimumVisualStudioVersion = 10.0.40219.1
Project("{FAE04EC0-301F-11D3-BF4B-00C04F79EFBC}") = "SalaryConsoleApplication1", "SalaryConsoleApplication1\SalaryConsoleApplication1.csproj", "{04AEE7EA-5098-4010-AEA5-7A28B444AD4B}"
EndProject
Project("{FAE04EC0-301F-11D3-BF4B-00C04F79EFBC}") = "BMIWindowsFormsApplication1", "BMIWindowsFormsApplication1\BMIWindowsFormsApplication1.csproj", "{AA216CFE-2A71-4F0F-A837-D255AF4C185A}"
EndProject
Global
	GlobalSection(SolutionConfigurationPlatforms) = preSolution
		Debug|Any CPU = Debug|Any CPU
		Release|Any CPU = Release|Any CPU
	EndGlobalSection
	GlobalSection(ProjectConfigurationPlatforms) = postSolution
		{04AEE7EA-5098-4010-AEA5-7A28B444AD4B}.Debug|Any CPU.ActiveCfg = Debug|Any CPU
		{04AEE7EA-5098-4010-AEA5-7A28B444AD4B}.Debug|Any CPU.Build.0 = Debug|Any CPU
		{04AEE7EA-5098-4010-AEA5-7A28B444AD4B}.Release|Any CPU.ActiveCfg = Release|Any CPU
		{04AEE7EA-5098-4010-AEA5-7A28B444AD4B}.Release|Any CPU.Build.0 = Release|Any CPU
		{AA216CFE-2A71-4F0F-A837-D255AF4C185A}.Debug|Any CPU.ActiveCfg = Debug|Any CPU
		{AA216CFE-2A71-4F0F-A837-D255AF4C185A}.Debug|Any CPU.Build.0 = Debug|Any CPU
		{AA216CFE-2A71-4F0F-A837-D255AF4C185A}.Release|Any CPU.ActiveCfg = Release|Any CPU
		{AA216CFE-2A71-4F0F-A837-D255AF4C185A}.Release|Any CPU.Build.0 = Release|Any CPU
	EndGlobalSection
	GlobalSection(SolutionProperties) = preSolution
		HideSolutionNode = FALSE
	EndGlobalSection
EndGlobal
