
Microsoft Visual Studio Solution File, Format Version 12.00
# Visual Studio 15
VisualStudioVersion = 15.0.28307.779
MinimumVisualStudioVersion = 10.0.40219.1
Project("{FAE04EC0-301F-11D3-BF4B-00C04F79EFBC}") = "WindowsFormsApp1", "WindowsFormsApp1\WindowsFormsApp1.csproj", "{AFB9FF06-8D91-417D-BBC4-4D73D02CBF80}"
EndProject
Global
	GlobalSection(SolutionConfigurationPlatforms) = preSolution
		Debug|Any CPU = Debug|Any CPU
		Release|Any CPU = Release|Any CPU
	EndGlobalSection
	GlobalSection(ProjectConfigurationPlatforms) = postSolution
		{AFB9FF06-8D91-417D-BBC4-4D73D02CBF80}.Debug|Any CPU.ActiveCfg = Debug|Any CPU
		{AFB9FF06-8D91-417D-BBC4-4D73D02CBF80}.Debug|Any CPU.Build.0 = Debug|Any CPU
		{AFB9FF06-8D91-417D-BBC4-4D73D02CBF80}.Release|Any CPU.ActiveCfg = Release|Any CPU
		{AFB9FF06-8D91-417D-BBC4-4D73D02CBF80}.Release|Any CPU.Build.0 = Release|Any CPU
	EndGlobalSection
	GlobalSection(SolutionProperties) = preSolution
		HideSolutionNode = FALSE
	EndGlobalSection
	GlobalSection(ExtensibilityGlobals) = postSolution
		SolutionGuid = {A590EDB4-85BA-45E6-87BC-E3BE5ABB74E8}
	EndGlobalSection
EndGlobal
