
Microsoft Visual Studio Solution File, Format Version 12.00
# Visual Studio Version 16
VisualStudioVersion = 16.0.29409.12
MinimumVisualStudioVersion = 10.0.40219.1
Project("{FAE04EC0-301F-11D3-BF4B-00C04F79EFBC}") = "WorkshopWindowsFormsApp2", "WorkshopWindowsFormsApp2\WorkshopWindowsFormsApp2.csproj", "{B383964E-E243-44AC-BC9C-24148F22030E}"
EndProject
Global
	GlobalSection(SolutionConfigurationPlatforms) = preSolution
		Debug|Any CPU = Debug|Any CPU
		Release|Any CPU = Release|Any CPU
	EndGlobalSection
	GlobalSection(ProjectConfigurationPlatforms) = postSolution
		{B383964E-E243-44AC-BC9C-24148F22030E}.Debug|Any CPU.ActiveCfg = Debug|Any CPU
		{B383964E-E243-44AC-BC9C-24148F22030E}.Debug|Any CPU.Build.0 = Debug|Any CPU
		{B383964E-E243-44AC-BC9C-24148F22030E}.Release|Any CPU.ActiveCfg = Release|Any CPU
		{B383964E-E243-44AC-BC9C-24148F22030E}.Release|Any CPU.Build.0 = Release|Any CPU
	EndGlobalSection
	GlobalSection(SolutionProperties) = preSolution
		HideSolutionNode = FALSE
	EndGlobalSection
	GlobalSection(ExtensibilityGlobals) = postSolution
		SolutionGuid = {51F2DC0A-4CA6-4579-8612-481AE3B07673}
	EndGlobalSection
EndGlobal
