
Microsoft Visual Studio Solution File, Format Version 12.00
# Visual Studio Version 16
VisualStudioVersion = 16.0.29409.12
MinimumVisualStudioVersion = 10.0.40219.1
Project("{FAE04EC0-301F-11D3-BF4B-00C04F79EFBC}") = "MethodAmstrongNumberConsoleApp2", "MethodAmstrongNumberConsoleApp2\MethodAmstrongNumberConsoleApp2.csproj", "{3EA0B44E-5937-4C9A-ABC4-03BDA0A0C64E}"
EndProject
Global
	GlobalSection(SolutionConfigurationPlatforms) = preSolution
		Debug|Any CPU = Debug|Any CPU
		Release|Any CPU = Release|Any CPU
	EndGlobalSection
	GlobalSection(ProjectConfigurationPlatforms) = postSolution
		{3EA0B44E-5937-4C9A-ABC4-03BDA0A0C64E}.Debug|Any CPU.ActiveCfg = Debug|Any CPU
		{3EA0B44E-5937-4C9A-ABC4-03BDA0A0C64E}.Debug|Any CPU.Build.0 = Debug|Any CPU
		{3EA0B44E-5937-4C9A-ABC4-03BDA0A0C64E}.Release|Any CPU.ActiveCfg = Release|Any CPU
		{3EA0B44E-5937-4C9A-ABC4-03BDA0A0C64E}.Release|Any CPU.Build.0 = Release|Any CPU
	EndGlobalSection
	GlobalSection(SolutionProperties) = preSolution
		HideSolutionNode = FALSE
	EndGlobalSection
	GlobalSection(ExtensibilityGlobals) = postSolution
		SolutionGuid = {5532ABAF-4DC7-4CA1-9212-14FC40084080}
	EndGlobalSection
EndGlobal
