
Microsoft Visual Studio Solution File, Format Version 12.00
# Visual Studio Version 16
VisualStudioVersion = 16.0.29409.12
MinimumVisualStudioVersion = 10.0.40219.1
Project("{FAE04EC0-301F-11D3-BF4B-00C04F79EFBC}") = "ConsoleApp1", "ConsoleApp1\ConsoleApp1.csproj", "{0E1DC1E7-9390-4FB6-A26B-FCC4C2E3ADDC}"
EndProject
Global
	GlobalSection(SolutionConfigurationPlatforms) = preSolution
		Debug|Any CPU = Debug|Any CPU
		Release|Any CPU = Release|Any CPU
	EndGlobalSection
	GlobalSection(ProjectConfigurationPlatforms) = postSolution
		{0E1DC1E7-9390-4FB6-A26B-FCC4C2E3ADDC}.Debug|Any CPU.ActiveCfg = Debug|Any CPU
		{0E1DC1E7-9390-4FB6-A26B-FCC4C2E3ADDC}.Debug|Any CPU.Build.0 = Debug|Any CPU
		{0E1DC1E7-9390-4FB6-A26B-FCC4C2E3ADDC}.Release|Any CPU.ActiveCfg = Release|Any CPU
		{0E1DC1E7-9390-4FB6-A26B-FCC4C2E3ADDC}.Release|Any CPU.Build.0 = Release|Any CPU
	EndGlobalSection
	GlobalSection(SolutionProperties) = preSolution
		HideSolutionNode = FALSE
	EndGlobalSection
	GlobalSection(ExtensibilityGlobals) = postSolution
		SolutionGuid = {42EA6F16-9A93-4C21-BCEA-CD06CA7FC641}
	EndGlobalSection
EndGlobal
